
Microsoft Visual Studio Solution File, Format Version 12.00
# Visual Studio Version 17
VisualStudioVersion = 17.13.35931.197
MinimumVisualStudioVersion = 10.0.40219.1
Project("{FAE04EC0-301F-11D3-BF4B-00C04F79EFBC}") = "SAD Lab2.1", "SAD Lab2.1.csproj", "{7AF02C71-BB5D-4F96-83D8-5136CEB00ED7}"
EndProject
Project("{FAE04EC0-301F-11D3-BF4B-00C04F79EFBC}") = "Domain", "..\Domain\Domain.csproj", "{F4085796-76CE-4BB1-A02B-31FBF2F38908}"
EndProject
Project("{FAE04EC0-301F-11D3-BF4B-00C04F79EFBC}") = "DAL", "..\DAL\DAL.csproj", "{9384F3C2-8565-4CCE-9106-F932679BD3AF}"
EndProject
Project("{FAE04EC0-301F-11D3-BF4B-00C04F79EFBC}") = "BLL", "..\BLL\BLL.csproj", "{487BC150-0911-4818-9F8F-51047C166A48}"
EndProject
Project("{FAE04EC0-301F-11D3-BF4B-00C04F79EFBC}") = "Tests", "..\Tests\Tests.csproj", "{F804906F-7D24-4C59-B5D7-552AF58CAAC4}"
EndProject
Global
	GlobalSection(SolutionConfigurationPlatforms) = preSolution
		Debug|Any CPU = Debug|Any CPU
		Release|Any CPU = Release|Any CPU
	EndGlobalSection
	GlobalSection(ProjectConfigurationPlatforms) = postSolution
		{7AF02C71-BB5D-4F96-83D8-5136CEB00ED7}.Debug|Any CPU.ActiveCfg = Debug|Any CPU
		{7AF02C71-BB5D-4F96-83D8-5136CEB00ED7}.Debug|Any CPU.Build.0 = Debug|Any CPU
		{7AF02C71-BB5D-4F96-83D8-5136CEB00ED7}.Release|Any CPU.ActiveCfg = Release|Any CPU
		{7AF02C71-BB5D-4F96-83D8-5136CEB00ED7}.Release|Any CPU.Build.0 = Release|Any CPU
		{F4085796-76CE-4BB1-A02B-31FBF2F38908}.Debug|Any CPU.ActiveCfg = Debug|Any CPU
		{F4085796-76CE-4BB1-A02B-31FBF2F38908}.Debug|Any CPU.Build.0 = Debug|Any CPU
		{F4085796-76CE-4BB1-A02B-31FBF2F38908}.Release|Any CPU.ActiveCfg = Release|Any CPU
		{F4085796-76CE-4BB1-A02B-31FBF2F38908}.Release|Any CPU.Build.0 = Release|Any CPU
		{9384F3C2-8565-4CCE-9106-F932679BD3AF}.Debug|Any CPU.ActiveCfg = Debug|Any CPU
		{9384F3C2-8565-4CCE-9106-F932679BD3AF}.Debug|Any CPU.Build.0 = Debug|Any CPU
		{9384F3C2-8565-4CCE-9106-F932679BD3AF}.Release|Any CPU.ActiveCfg = Release|Any CPU
		{9384F3C2-8565-4CCE-9106-F932679BD3AF}.Release|Any CPU.Build.0 = Release|Any CPU
		{487BC150-0911-4818-9F8F-51047C166A48}.Debug|Any CPU.ActiveCfg = Debug|Any CPU
		{487BC150-0911-4818-9F8F-51047C166A48}.Debug|Any CPU.Build.0 = Debug|Any CPU
		{487BC150-0911-4818-9F8F-51047C166A48}.Release|Any CPU.ActiveCfg = Release|Any CPU
		{487BC150-0911-4818-9F8F-51047C166A48}.Release|Any CPU.Build.0 = Release|Any CPU
		{F804906F-7D24-4C59-B5D7-552AF58CAAC4}.Debug|Any CPU.ActiveCfg = Debug|Any CPU
		{F804906F-7D24-4C59-B5D7-552AF58CAAC4}.Debug|Any CPU.Build.0 = Debug|Any CPU
		{F804906F-7D24-4C59-B5D7-552AF58CAAC4}.Release|Any CPU.ActiveCfg = Release|Any CPU
		{F804906F-7D24-4C59-B5D7-552AF58CAAC4}.Release|Any CPU.Build.0 = Release|Any CPU
	EndGlobalSection
	GlobalSection(SolutionProperties) = preSolution
		HideSolutionNode = FALSE
	EndGlobalSection
	GlobalSection(ExtensibilityGlobals) = postSolution
		SolutionGuid = {8A96C43B-11D4-4703-9C10-ED37DE321D12}
	EndGlobalSection
EndGlobal
